github.com/davecgh/go-spew v1.1.0/go.mod h1:J7Y8YcW2NihsgmVo/mv3lAwl/skON4iLHjSsI+c5H38=
github.com/davecgh/go-spew v1.1.1 h1:vj9j/u1bqnvCEfJOwUhtlOARqs3+rkHYY13jYWTU97c=
github.com/davecgh/go-spew v1.1.1/go.mod h1:J7Y8YcW2NihsgmVo/mv3lAwl/skON4iLHjSsI+c5H38=
github.com/eko/graphql-go-upload v1.0.6 h1:/Q0Cn8/ylfwfh1agsyF17RIy+l3WlIcnY3sTb8NP138=
github.com/eko/graphql-go-upload v1.0.6/go.mod h1:I13MGL0rhJAd86hnG3AKBPZ+4IPO2Xv4RgrBxb5iico=
github.com/frankhli843/RateMyOldAgeHome v0.0.0-20210215232919-c9abcc90d3cc h1:F5Z0iUq0EkoQoWVwlMIwcpBEJdxWCw+aJpAwBC3ov7Y=
github.com/gabriel-vasile/mimetype v1.0.3-0.20200212131322-601d7eca51e5 h1:8S15AVQ17LnTGEwjyUSZWMoDLb0H4MnCuXZzCj471GU=
github.com/gabriel-vasile/mimetype v1.0.3-0.20200212131322-601d7eca51e5/go.mod h1:6CDPel/o/3/s4+bp6kIbsWATq8pmgOisOPG40CJa6To=
github.com/gorilla/mux v1.8.0 h1:i40aqfkR1h2SlN9hojwV5ZA91wcXFOvkdNIeFDP5koI=
github.com/gorilla/mux v1.8.0/go.mod h1:DVbg23sWSpFRCP0SfiEN6jmj59UnW/n46BH5rLB71So=
github.com/pmezard/go-difflib v1.0.0 h1:4DBwDE0NGyQoBHbLQYPwSUPoCMWR5BEzIk/f1lZbAQM=
github.com/pmezard/go-difflib v1.0.0/go.mod h1:iKH77koFhYxTK1pcRnkKkqfTogsbg7gZNVY4sRDYZ/4=
github.com/sirupsen/logrus v1.7.0 h1:ShrD1U9pZB12TX0cVy0DtePoCH97K8EtX+mg7ZARUtM=
github.com/sirupsen/logrus v1.7.0/go.mod h1:yWOB1SBYBC5VeMP7gHvWumXLIWorT60ONWic61uBYv0=
github.com/stretchr/objx v0.1.0/go.mod h1:HFkY916IF+rwdDfMAkV7OtwuqBVzrE8GR6GFx+wExME=
github.com/stretchr/testify v1.2.2/go.mod h1:a8OnRcib4nhh0OaRAV+Yts87kKdq0PP7pXfy6kDkUVs=
github.com/stretchr/testify v1.3.0 h1:TivCn/peBQ7UY8ooIcPgZFpTNSz0Q2U6UrFlUfqbe0Q=
github.com/stretchr/testify v1.3.0/go.mod h1:M5WIy9Dh21IEIfnGCwXGc5bZfKNJtfHm1UVUgZn+9EI=
golang.org/x/sys v0.0.0-20191026070338-33540a1f6037 h1:YyJpGZS1sBuBCzLAR1VEpK193GlqGZbnPFnPV/5Rsb4=
golang.org/x/sys v0.0.0-20191026070338-33540a1f6037/go.mod h1:h1NjWce9XRLGQEsW7wpKNCjG9DtNlClVuFLEZdDNbEs=
